
Microsoft Visual Studio Solution File, Format Version 12.00
# Visual Studio 15
VisualStudioVersion = 15.0.27703.2035
MinimumVisualStudioVersion = 10.0.40219.1
Project("{FAE04EC0-301F-11D3-BF4B-00C04F79EFBC}") = "ICareAlz.Web", "ICareAlz\ICareAlz.Web.csproj", "{D753FFF6-B3F8-4644-95B6-74B4265F39DD}"
EndProject
Project("{FAE04EC0-301F-11D3-BF4B-00C04F79EFBC}") = "ICareAlz.App.Android", "ICareAlz.App\ICareAlz.App.Android\ICareAlz.App.Android.csproj", "{803C64FB-94E8-41EA-B42F-9B5980C53061}"
EndProject
Project("{FAE04EC0-301F-11D3-BF4B-00C04F79EFBC}") = "ICareAlz.App", "ICareAlz.App\ICareAlz.App\ICareAlz.App.csproj", "{51F8E3E4-7102-4ACB-A585-66EBCF0FE77D}"
EndProject
Global
	GlobalSection(SolutionConfigurationPlatforms) = preSolution
		Debug|Any CPU = Debug|Any CPU
		Release|Any CPU = Release|Any CPU
	EndGlobalSection
	GlobalSection(ProjectConfigurationPlatforms) = postSolution
		{D753FFF6-B3F8-4644-95B6-74B4265F39DD}.Debug|Any CPU.ActiveCfg = Debug|Any CPU
		{D753FFF6-B3F8-4644-95B6-74B4265F39DD}.Debug|Any CPU.Build.0 = Debug|Any CPU
		{D753FFF6-B3F8-4644-95B6-74B4265F39DD}.Release|Any CPU.ActiveCfg = Release|Any CPU
		{D753FFF6-B3F8-4644-95B6-74B4265F39DD}.Release|Any CPU.Build.0 = Release|Any CPU
		{803C64FB-94E8-41EA-B42F-9B5980C53061}.Debug|Any CPU.ActiveCfg = Debug|Any CPU
		{803C64FB-94E8-41EA-B42F-9B5980C53061}.Debug|Any CPU.Build.0 = Debug|Any CPU
		{803C64FB-94E8-41EA-B42F-9B5980C53061}.Debug|Any CPU.Deploy.0 = Debug|Any CPU
		{803C64FB-94E8-41EA-B42F-9B5980C53061}.Release|Any CPU.ActiveCfg = Release|Any CPU
		{803C64FB-94E8-41EA-B42F-9B5980C53061}.Release|Any CPU.Build.0 = Release|Any CPU
		{803C64FB-94E8-41EA-B42F-9B5980C53061}.Release|Any CPU.Deploy.0 = Release|Any CPU
		{51F8E3E4-7102-4ACB-A585-66EBCF0FE77D}.Debug|Any CPU.ActiveCfg = Debug|Any CPU
		{51F8E3E4-7102-4ACB-A585-66EBCF0FE77D}.Debug|Any CPU.Build.0 = Debug|Any CPU
		{51F8E3E4-7102-4ACB-A585-66EBCF0FE77D}.Release|Any CPU.ActiveCfg = Release|Any CPU
		{51F8E3E4-7102-4ACB-A585-66EBCF0FE77D}.Release|Any CPU.Build.0 = Release|Any CPU
	EndGlobalSection
	GlobalSection(SolutionProperties) = preSolution
		HideSolutionNode = FALSE
	EndGlobalSection
	GlobalSection(ExtensibilityGlobals) = postSolution
		SolutionGuid = {7E1A7400-A94A-4F45-A191-295CCA3E34CE}
	EndGlobalSection
EndGlobal
